
Microsoft Visual Studio Solution File, Format Version 12.00
# Visual Studio Version 17
VisualStudioVersion = 17.6.33829.357
MinimumVisualStudioVersion = 10.0.40219.1
Project("{FAE04EC0-301F-11D3-BF4B-00C04F79EFBC}") = "Hennesy_Crafting", "Hennesy_Crafting\Hennesy_Crafting.csproj", "{9D687549-C39C-45AF-AEE7-0FBEF65BA293}"
EndProject
Global
	GlobalSection(SolutionConfigurationPlatforms) = preSolution
		Debug|Any CPU = Debug|Any CPU
		Release|Any CPU = Release|Any CPU
	EndGlobalSection
	GlobalSection(ProjectConfigurationPlatforms) = postSolution
		{9D687549-C39C-45AF-AEE7-0FBEF65BA293}.Debug|Any CPU.ActiveCfg = Debug|Any CPU
		{9D687549-C39C-45AF-AEE7-0FBEF65BA293}.Debug|Any CPU.Build.0 = Debug|Any CPU
		{9D687549-C39C-45AF-AEE7-0FBEF65BA293}.Release|Any CPU.ActiveCfg = Release|Any CPU
		{9D687549-C39C-45AF-AEE7-0FBEF65BA293}.Release|Any CPU.Build.0 = Release|Any CPU
	EndGlobalSection
	GlobalSection(SolutionProperties) = preSolution
		HideSolutionNode = FALSE
	EndGlobalSection
	GlobalSection(ExtensibilityGlobals) = postSolution
		SolutionGuid = {FF42AD33-D7FF-4CD7-B74A-EFE8E0DA4067}
	EndGlobalSection
EndGlobal
